{
  "name": "antigravity-swarm",
  "version": "0.2.1",
  "lockfileVersion": 3,
  "requires": true,
  "packages": {
    "": {
      "name": "antigravity-swarm",
      "version": "0.2.1",
      "license": "MIT",
      "bin": {
        "antigravity-swarm": "bin/antigravity-swarm.js"
      },
      "engines": {
        "node": ">=18"
      }
    }
  }
}
